
Microsoft Visual Studio Solution File, Format Version 12.00
# Visual Studio Version 18
VisualStudioVersion = 18.4.11702.344
MinimumVisualStudioVersion = 10.0.40219.1
Project("{FAE04EC0-301F-11D3-BF4B-00C04F79EFBC}") = "CapeOpen", "CapeOpen\CapeOpen.csproj", "{8BFBC341-B27D-43B4-BE89-F171BB15C44F}"
EndProject
Project("{FAE04EC0-301F-11D3-BF4B-00C04F79EFBC}") = "CapeOpenRegistrar", "tools\CapeOpenRegistrar\CapeOpenRegistrar.csproj", "{207F5462-3220-5CAA-265A-4FB00797A611}"
EndProject
Project("{FAE04EC0-301F-11D3-BF4B-00C04F79EFBC}") = "Examples", "Examples\Examples.csproj", "{4231C2B0-5AEB-2EC9-2588-94FF03EC9E9D}"
EndProject
Global
	GlobalSection(SolutionConfigurationPlatforms) = preSolution
		Debug|x64 = Debug|x64
		Debug|x86 = Debug|x86
		Release|x64 = Release|x64
		Release|x86 = Release|x86
	EndGlobalSection
	GlobalSection(ProjectConfigurationPlatforms) = postSolution
		{8BFBC341-B27D-43B4-BE89-F171BB15C44F}.Debug|x64.ActiveCfg = Debug|x64
		{8BFBC341-B27D-43B4-BE89-F171BB15C44F}.Debug|x64.Build.0 = Debug|x64
		{8BFBC341-B27D-43B4-BE89-F171BB15C44F}.Debug|x86.ActiveCfg = Debug|x86
		{8BFBC341-B27D-43B4-BE89-F171BB15C44F}.Debug|x86.Build.0 = Debug|x86
		{8BFBC341-B27D-43B4-BE89-F171BB15C44F}.Release|x64.ActiveCfg = Release|x64
		{8BFBC341-B27D-43B4-BE89-F171BB15C44F}.Release|x64.Build.0 = Release|x64
		{8BFBC341-B27D-43B4-BE89-F171BB15C44F}.Release|x86.ActiveCfg = Release|x86
		{8BFBC341-B27D-43B4-BE89-F171BB15C44F}.Release|x86.Build.0 = Release|x86
		{207F5462-3220-5CAA-265A-4FB00797A611}.Debug|x64.ActiveCfg = Debug|x64
		{207F5462-3220-5CAA-265A-4FB00797A611}.Debug|x64.Build.0 = Debug|x64
		{207F5462-3220-5CAA-265A-4FB00797A611}.Debug|x86.ActiveCfg = Debug|x86
		{207F5462-3220-5CAA-265A-4FB00797A611}.Debug|x86.Build.0 = Debug|x86
		{207F5462-3220-5CAA-265A-4FB00797A611}.Release|x64.ActiveCfg = Release|x64
		{207F5462-3220-5CAA-265A-4FB00797A611}.Release|x64.Build.0 = Release|x64
		{207F5462-3220-5CAA-265A-4FB00797A611}.Release|x86.ActiveCfg = Release|x86
		{207F5462-3220-5CAA-265A-4FB00797A611}.Release|x86.Build.0 = Release|x86
		{4231C2B0-5AEB-2EC9-2588-94FF03EC9E9D}.Debug|x64.ActiveCfg = Debug|x64
		{4231C2B0-5AEB-2EC9-2588-94FF03EC9E9D}.Debug|x64.Build.0 = Debug|x64
		{4231C2B0-5AEB-2EC9-2588-94FF03EC9E9D}.Debug|x86.ActiveCfg = Debug|x86
		{4231C2B0-5AEB-2EC9-2588-94FF03EC9E9D}.Debug|x86.Build.0 = Debug|x86
		{4231C2B0-5AEB-2EC9-2588-94FF03EC9E9D}.Release|x64.ActiveCfg = Release|x64
		{4231C2B0-5AEB-2EC9-2588-94FF03EC9E9D}.Release|x64.Build.0 = Release|x64
		{4231C2B0-5AEB-2EC9-2588-94FF03EC9E9D}.Release|x86.ActiveCfg = Release|x86
		{4231C2B0-5AEB-2EC9-2588-94FF03EC9E9D}.Release|x86.Build.0 = Release|x86
	EndGlobalSection
	GlobalSection(SolutionProperties) = preSolution
		HideSolutionNode = FALSE
	EndGlobalSection
	GlobalSection(ExtensibilityGlobals) = postSolution
		SolutionGuid = {1C3E4381-29B1-473B-B1C4-D06A6E8BC03A}
	EndGlobalSection
EndGlobal
